
Microsoft Visual Studio Solution File, Format Version 12.00
# Visual Studio 15
VisualStudioVersion = 15.0.26730.12
MinimumVisualStudioVersion = 10.0.40219.1
Project("{FAE04EC0-301F-11D3-BF4B-00C04F79EFBC}") = "StiffFormsLibrary", "StiffFormsLibrary\StiffFormsLibrary.csproj", "{F85B9484-9656-40A4-850D-D988A6AF68C3}"
EndProject
Global
	GlobalSection(SolutionConfigurationPlatforms) = preSolution
		Debug|Any CPU = Debug|Any CPU
		Release|Any CPU = Release|Any CPU
	EndGlobalSection
	GlobalSection(ProjectConfigurationPlatforms) = postSolution
		{F85B9484-9656-40A4-850D-D988A6AF68C3}.Debug|Any CPU.ActiveCfg = Debug|Any CPU
		{F85B9484-9656-40A4-850D-D988A6AF68C3}.Debug|Any CPU.Build.0 = Debug|Any CPU
		{F85B9484-9656-40A4-850D-D988A6AF68C3}.Release|Any CPU.ActiveCfg = Release|Any CPU
		{F85B9484-9656-40A4-850D-D988A6AF68C3}.Release|Any CPU.Build.0 = Release|Any CPU
	EndGlobalSection
	GlobalSection(SolutionProperties) = preSolution
		HideSolutionNode = FALSE
	EndGlobalSection
	GlobalSection(ExtensibilityGlobals) = postSolution
		SolutionGuid = {013B2569-FB46-4739-93A8-8A1D3BDB604D}
	EndGlobalSection
EndGlobal
